<?xml version="1.0" encoding="utf-8"?>
<Project ToolsVersion="4.0" xmlns="http://schemas.microsoft.com/developer/msbuild/2003">
  <ItemGroup>
    <Filter Include="Source Files">
      <UniqueIdentifier>{4FC737F1-C7A5-4376-A066-2A32D752A2FF}</UniqueIdentifier>
      <Extensions>cpp;c;cxx;def;odl;idl;hpj;bat;asm;asmx</Extensions>
    </Filter>
    <Filter Include="Source Files\sys">
      <UniqueIdentifier>{f36651c8-9321-48d5-b1bb-5cb48ca2c8ac}</UniqueIdentifier>
    </Filter>
    <Filter Include="Header Files">
      <UniqueIdentifier>{93995380-89BD-4b04-88EB-625FBE52EBFB}</UniqueIdentifier>
      <Extensions>h;hpp;hxx;hm;inl;inc;xsd</Extensions>
    </Filter>
  </ItemGroup>
  <ItemGroup>
    <ClCompile Include="bram.cpp">
      <Filter>Source Files</Filter>
    </ClCompile>
    <ClCompile Include="main.cpp">
      <Filter>Source Files</Filter>
    </ClCompile>
    <ClCompile Include="ppc_dyn.c">
      <Filter>Source Files</Filter>
    </ClCompile>
    <ClCompile Include="xb_sys.c">
      <Filter>Source Files</Filter>
    </ClCompile>
    <ClCompile Include="..\..\common\sys\time.c">
      <Filter>Source Files\sys</Filter>
    </ClCompile>
  </ItemGroup>
  <ItemGroup>
    <ClInclude Include="xb_sys.h">
      <Filter>Source Files</Filter>
    </ClInclude>
    <ClInclude Include="..\..\common\sys\mman.h">
      <Filter>Source Files\sys</Filter>
    </ClInclude>
    <ClInclude Include="..\..\common\sys\time.h">
      <Filter>Source Files\sys</Filter>
    </ClInclude>
    <ClInclude Include="bram.h">
      <Filter>Header Files</Filter>
    </ClInclude>
    <ClInclude Include="..\..\common\config.h">
      <Filter>Header Files</Filter>
    </ClInclude>
    <ClInclude Include="..\..\common\opti.h">
      <Filter>Header Files</Filter>
    </ClInclude>
    <ClInclude Include="xbPlugins.h">
      <Filter>Header Files</Filter>
    </ClInclude>
  </ItemGroup>
</Project>