<?xml version="1.0" encoding="utf-8"?>
<Project ToolsVersion="4.0" xmlns="http://schemas.microsoft.com/developer/msbuild/2003">
  <ItemGroup>
    <Filter Include="Source Files">
      <UniqueIdentifier>{4FC737F1-C7A5-4376-A066-2A32D752A2FF}</UniqueIdentifier>
      <Extensions>cpp;c;cxx;def;odl;idl;hpj;bat;asm;asmx</Extensions>
    </Filter>
    <Filter Include="Header Files">
      <UniqueIdentifier>{93995380-89BD-4b04-88EB-625FBE52EBFB}</UniqueIdentifier>
      <Extensions>h;hpp;hxx;hm;inl;inc;xsd</Extensions>
    </Filter>
  </ItemGroup>
  <ItemGroup>
    <None Include="ReadMe.txt" />
  </ItemGroup>
  <ItemGroup>
    <ClCompile Include="Pokopom\PlayStation.cpp">
      <Filter>Source Files</Filter>
    </ClCompile>
    <ClCompile Include="Pokopom\nullDC_Devices.cpp">
      <Filter>Source Files</Filter>
    </ClCompile>
    <ClCompile Include="Pokopom\Settings.cpp">
      <Filter>Source Files</Filter>
    </ClCompile>
    <ClCompile Include="Pokopom\Stuff_Linux.cpp">
      <Filter>Source Files</Filter>
    </ClCompile>
    <ClCompile Include="Pokopom\Stuff_Shared.cpp">
      <Filter>Source Files</Filter>
    </ClCompile>
    <ClCompile Include="Pokopom\Stuff_Windows.cpp">
      <Filter>Source Files</Filter>
    </ClCompile>
    <ClCompile Include="Pokopom\Zilmar.cpp">
      <Filter>Source Files</Filter>
    </ClCompile>
    <ClCompile Include="Pokopom\Zilmar_Devices.cpp">
      <Filter>Source Files</Filter>
    </ClCompile>
    <ClCompile Include="Pokopom\Chankast.cpp">
      <Filter>Source Files</Filter>
    </ClCompile>
    <ClCompile Include="Pokopom\ConfigDialog.cpp">
      <Filter>Source Files</Filter>
    </ClCompile>
    <ClCompile Include="Pokopom\ConsoleOutput.cpp">
      <Filter>Source Files</Filter>
    </ClCompile>
    <ClCompile Include="Pokopom\Controller.cpp">
      <Filter>Source Files</Filter>
    </ClCompile>
    <ClCompile Include="Pokopom\Controller2.cpp">
      <Filter>Source Files</Filter>
    </ClCompile>
    <ClCompile Include="Pokopom\ControllerGuitar.cpp">
      <Filter>Source Files</Filter>
    </ClCompile>
    <ClCompile Include="Pokopom\ControllerMtap.cpp">
      <Filter>Source Files</Filter>
    </ClCompile>
    <ClCompile Include="Pokopom\FileIO.cpp">
      <Filter>Source Files</Filter>
    </ClCompile>
    <ClCompile Include="Pokopom\Input_Linux.cpp">
      <Filter>Source Files</Filter>
    </ClCompile>
    <ClCompile Include="Pokopom\Input_Shared.cpp">
      <Filter>Source Files</Filter>
    </ClCompile>
    <ClCompile Include="Pokopom\Input_XInput.cpp">
      <Filter>Source Files</Filter>
    </ClCompile>
    <ClCompile Include="Pokopom\nullDC.cpp">
      <Filter>Source Files</Filter>
    </ClCompile>
  </ItemGroup>
  <ItemGroup>
    <ClInclude Include="Pokopom\PlayStation.h">
      <Filter>Header Files</Filter>
    </ClInclude>
    <ClInclude Include="Pokopom\Chankast.h">
      <Filter>Header Files</Filter>
    </ClInclude>
    <ClInclude Include="Pokopom\Codes_IDs.h">
      <Filter>Header Files</Filter>
    </ClInclude>
    <ClInclude Include="Pokopom\ConfigDialog.h">
      <Filter>Header Files</Filter>
    </ClInclude>
    <ClInclude Include="Pokopom\ConsoleOutput.h">
      <Filter>Header Files</Filter>
    </ClInclude>
    <ClInclude Include="Pokopom\Controller.h">
      <Filter>Header Files</Filter>
    </ClInclude>
    <ClInclude Include="Pokopom\FileIO.h">
      <Filter>Header Files</Filter>
    </ClInclude>
    <ClInclude Include="Pokopom\General.h">
      <Filter>Header Files</Filter>
    </ClInclude>
    <ClInclude Include="Pokopom\Input.h">
      <Filter>Header Files</Filter>
    </ClInclude>
    <ClInclude Include="Pokopom\Input_Shared.h">
      <Filter>Header Files</Filter>
    </ClInclude>
    <ClInclude Include="Pokopom\nullDC.h">
      <Filter>Header Files</Filter>
    </ClInclude>
    <ClInclude Include="Pokopom\nullDC_Devices.h">
      <Filter>Header Files</Filter>
    </ClInclude>
    <ClInclude Include="Pokopom\nullDC_plugin_types.h">
      <Filter>Header Files</Filter>
    </ClInclude>
    <ClInclude Include="Pokopom\nullDC_plugin_types_old.h">
      <Filter>Header Files</Filter>
    </ClInclude>
    <ClInclude Include="Pokopom\PSemuPro_Interface.h">
      <Filter>Header Files</Filter>
    </ClInclude>
    <ClInclude Include="Pokopom\resource.h">
      <Filter>Header Files</Filter>
    </ClInclude>
    <ClInclude Include="Pokopom\Settings.h">
      <Filter>Header Files</Filter>
    </ClInclude>
    <ClInclude Include="Pokopom\Stuff.h">
      <Filter>Header Files</Filter>
    </ClInclude>
    <ClInclude Include="Pokopom\Zilmar_Controller_Interface.h">
      <Filter>Header Files</Filter>
    </ClInclude>
    <ClInclude Include="Pokopom\Zilmar_Devices.h">
      <Filter>Header Files</Filter>
    </ClInclude>
  </ItemGroup>
</Project>